
Microsoft Visual Studio Solution File, Format Version 12.00
# Visual Studio Version 17
VisualStudioVersion = 17.7.34221.43
MinimumVisualStudioVersion = 10.0.40219.1
Project("{FAE04EC0-301F-11D3-BF4B-00C04F79EFBC}") = "ECommerce", "Source\ECommerce\ECommerce.csproj", "{4AFC15BC-E5F7-4EED-AE9A-CA9CE083D20D}"
EndProject
Project("{2150E333-8FDC-42A3-9474-1A3956D46DE8}") = "Source", "Source", "{4DCEC28B-85ED-4E1B-ACC2-2A875D6ADB46}"
EndProject
Project("{2150E333-8FDC-42A3-9474-1A3956D46DE8}") = "Classes", "Classes", "{B52E43D3-A3E8-497E-BFE3-0601989DCC3C}"
EndProject
Project("{FAE04EC0-301F-11D3-BF4B-00C04F79EFBC}") = "ClientsDLL", "Source\Classes\ClientsDLL\ClientsDLL.csproj", "{3087B38E-8BC3-4719-95B1-EC26E9636915}"
EndProject
Project("{2150E333-8FDC-42A3-9474-1A3956D46DE8}") = "Input_Output", "Input_Output", "{F3444014-7914-44DD-B91C-A640F4E01671}"
EndProject
Project("{FAE04EC0-301F-11D3-BF4B-00C04F79EFBC}") = "InputConsoleOutput", "Source\Input_Output\InputConsoleOutput\InputConsoleOutput.csproj", "{EE2E0A67-5F3A-4C61-AC76-3B7ED4663645}"
EndProject
Project("{FAE04EC0-301F-11D3-BF4B-00C04F79EFBC}") = "ProductCatalog", "Source\Classes\ProductCatalog\ProductCatalog.csproj", "{65889645-23A5-49A3-800A-6A1228C6ADA6}"
EndProject
Project("{FAE04EC0-301F-11D3-BF4B-00C04F79EFBC}") = "RevenueEngine", "Source\Classes\RevenueEngine\RevenueEngine.csproj", "{54CAB709-0BE6-4B36-A1A7-497497FFCB8B}"
EndProject
Project("{FAE04EC0-301F-11D3-BF4B-00C04F79EFBC}") = "StocksDLL", "Source\Classes\StocksDLL\StocksDLL.csproj", "{E5E1FEFC-845E-42AE-B347-FE40C15E0FF1}"
EndProject
Global
	GlobalSection(SolutionConfigurationPlatforms) = preSolution
		Debug|Any CPU = Debug|Any CPU
		Release|Any CPU = Release|Any CPU
	EndGlobalSection
	GlobalSection(ProjectConfigurationPlatforms) = postSolution
		{4AFC15BC-E5F7-4EED-AE9A-CA9CE083D20D}.Debug|Any CPU.ActiveCfg = Debug|Any CPU
		{4AFC15BC-E5F7-4EED-AE9A-CA9CE083D20D}.Debug|Any CPU.Build.0 = Debug|Any CPU
		{4AFC15BC-E5F7-4EED-AE9A-CA9CE083D20D}.Release|Any CPU.ActiveCfg = Release|Any CPU
		{4AFC15BC-E5F7-4EED-AE9A-CA9CE083D20D}.Release|Any CPU.Build.0 = Release|Any CPU
		{3087B38E-8BC3-4719-95B1-EC26E9636915}.Debug|Any CPU.ActiveCfg = Debug|Any CPU
		{3087B38E-8BC3-4719-95B1-EC26E9636915}.Debug|Any CPU.Build.0 = Debug|Any CPU
		{3087B38E-8BC3-4719-95B1-EC26E9636915}.Release|Any CPU.ActiveCfg = Release|Any CPU
		{3087B38E-8BC3-4719-95B1-EC26E9636915}.Release|Any CPU.Build.0 = Release|Any CPU
		{EE2E0A67-5F3A-4C61-AC76-3B7ED4663645}.Debug|Any CPU.ActiveCfg = Debug|Any CPU
		{EE2E0A67-5F3A-4C61-AC76-3B7ED4663645}.Debug|Any CPU.Build.0 = Debug|Any CPU
		{EE2E0A67-5F3A-4C61-AC76-3B7ED4663645}.Release|Any CPU.ActiveCfg = Release|Any CPU
		{EE2E0A67-5F3A-4C61-AC76-3B7ED4663645}.Release|Any CPU.Build.0 = Release|Any CPU
		{65889645-23A5-49A3-800A-6A1228C6ADA6}.Debug|Any CPU.ActiveCfg = Debug|Any CPU
		{65889645-23A5-49A3-800A-6A1228C6ADA6}.Debug|Any CPU.Build.0 = Debug|Any CPU
		{65889645-23A5-49A3-800A-6A1228C6ADA6}.Release|Any CPU.ActiveCfg = Release|Any CPU
		{65889645-23A5-49A3-800A-6A1228C6ADA6}.Release|Any CPU.Build.0 = Release|Any CPU
		{54CAB709-0BE6-4B36-A1A7-497497FFCB8B}.Debug|Any CPU.ActiveCfg = Debug|Any CPU
		{54CAB709-0BE6-4B36-A1A7-497497FFCB8B}.Debug|Any CPU.Build.0 = Debug|Any CPU
		{54CAB709-0BE6-4B36-A1A7-497497FFCB8B}.Release|Any CPU.ActiveCfg = Release|Any CPU
		{54CAB709-0BE6-4B36-A1A7-497497FFCB8B}.Release|Any CPU.Build.0 = Release|Any CPU
		{E5E1FEFC-845E-42AE-B347-FE40C15E0FF1}.Debug|Any CPU.ActiveCfg = Debug|Any CPU
		{E5E1FEFC-845E-42AE-B347-FE40C15E0FF1}.Debug|Any CPU.Build.0 = Debug|Any CPU
		{E5E1FEFC-845E-42AE-B347-FE40C15E0FF1}.Release|Any CPU.ActiveCfg = Release|Any CPU
		{E5E1FEFC-845E-42AE-B347-FE40C15E0FF1}.Release|Any CPU.Build.0 = Release|Any CPU
	EndGlobalSection
	GlobalSection(SolutionProperties) = preSolution
		HideSolutionNode = FALSE
	EndGlobalSection
	GlobalSection(NestedProjects) = preSolution
		{4AFC15BC-E5F7-4EED-AE9A-CA9CE083D20D} = {4DCEC28B-85ED-4E1B-ACC2-2A875D6ADB46}
		{B52E43D3-A3E8-497E-BFE3-0601989DCC3C} = {4DCEC28B-85ED-4E1B-ACC2-2A875D6ADB46}
		{3087B38E-8BC3-4719-95B1-EC26E9636915} = {B52E43D3-A3E8-497E-BFE3-0601989DCC3C}
		{F3444014-7914-44DD-B91C-A640F4E01671} = {4DCEC28B-85ED-4E1B-ACC2-2A875D6ADB46}
		{EE2E0A67-5F3A-4C61-AC76-3B7ED4663645} = {F3444014-7914-44DD-B91C-A640F4E01671}
		{65889645-23A5-49A3-800A-6A1228C6ADA6} = {B52E43D3-A3E8-497E-BFE3-0601989DCC3C}
		{54CAB709-0BE6-4B36-A1A7-497497FFCB8B} = {B52E43D3-A3E8-497E-BFE3-0601989DCC3C}
		{E5E1FEFC-845E-42AE-B347-FE40C15E0FF1} = {B52E43D3-A3E8-497E-BFE3-0601989DCC3C}
	EndGlobalSection
	GlobalSection(ExtensibilityGlobals) = postSolution
		SolutionGuid = {D8E77007-63C3-4DCC-BC36-7642747AFB50}
	EndGlobalSection
EndGlobal
