
Microsoft Visual Studio Solution File, Format Version 12.00
# Visual Studio Version 17
VisualStudioVersion = 17.7.34221.43
MinimumVisualStudioVersion = 10.0.40219.1
Project("{2150E333-8FDC-42A3-9474-1A3956D46DE8}") = "Source", "Source", "{4DCEC28B-85ED-4E1B-ACC2-2A875D6ADB46}"
EndProject
Project("{2150E333-8FDC-42A3-9474-1A3956D46DE8}") = "BusinessObjects", "BusinessObjects", "{B52E43D3-A3E8-497E-BFE3-0601989DCC3C}"
EndProject
Project("{FAE04EC0-301F-11D3-BF4B-00C04F79EFBC}") = "ECommerce", "Source\ECommerce\ECommerce.csproj", "{6E801DCB-55DF-4E96-89AF-DB4A9B8FF2C0}"
EndProject
Project("{2150E333-8FDC-42A3-9474-1A3956D46DE8}") = "InputOutput", "InputOutput", "{C18105C9-DD42-4975-A5E6-348E60BD09CB}"
EndProject
Project("{2150E333-8FDC-42A3-9474-1A3956D46DE8}") = "Data", "Data", "{BEBFA013-52B9-447D-A55D-BC49AD105817}"
EndProject
Project("{2150E333-8FDC-42A3-9474-1A3956D46DE8}") = "BusinessRules", "BusinessRules", "{5F7A3C66-DC5A-4F64-8FA3-9A4D2C19D791}"
EndProject
Project("{2150E333-8FDC-42A3-9474-1A3956D46DE8}") = "Exceptions", "Exceptions", "{D44954D1-90B2-45AB-B552-A0E8B8C74C9D}"
EndProject
Project("{FAE04EC0-301F-11D3-BF4B-00C04F79EFBC}") = "ProductCatalog", "Source\BusinessObjects\ProductCatalog\ProductCatalog.csproj", "{65889645-23A5-49A3-800A-6A1228C6ADA6}"
EndProject
Project("{FAE04EC0-301F-11D3-BF4B-00C04F79EFBC}") = "RevenueEngine", "Source\BusinessObjects\RevenueEngine\RevenueEngine.csproj", "{54CAB709-0BE6-4B36-A1A7-497497FFCB8B}"
EndProject
Project("{FAE04EC0-301F-11D3-BF4B-00C04F79EFBC}") = "StaffClientSystem", "Source\BusinessObjects\StaffClientSystem\StaffClientSystem.csproj", "{0FA2D599-537D-4FAE-9D85-485FAB8D1184}"
EndProject
Project("{FAE04EC0-301F-11D3-BF4B-00C04F79EFBC}") = "ProductCatalogs", "Source\Data\ProductCatalogs\ProductCatalogs.csproj", "{973F5B37-D52D-4EC3-9865-1477ACD0BE68}"
EndProject
Project("{FAE04EC0-301F-11D3-BF4B-00C04F79EFBC}") = "RevenueEngines", "Source\Data\RevenueEngines\RevenueEngines.csproj", "{D5BAE037-F6EF-494A-BF23-A8D0EC5FCC2F}"
EndProject
Project("{FAE04EC0-301F-11D3-BF4B-00C04F79EFBC}") = "StaffClientSystems", "Source\Data\StaffClientSystems\StaffClientSystems.csproj", "{CD3EDB87-EDA0-409B-AAAD-E4247B1C3E19}"
EndProject
Project("{FAE04EC0-301F-11D3-BF4B-00C04F79EFBC}") = "ProductCatalogE", "Source\Exceptions\ProductCatalogE\ProductCatalogE.csproj", "{C507CC10-D8BE-4ABF-A55E-7ACC571A21F8}"
EndProject
Project("{2150E333-8FDC-42A3-9474-1A3956D46DE8}") = "Menus", "Menus", "{BE8114DB-73E7-4851-8B61-299CDEA66F07}"
EndProject
Project("{FAE04EC0-301F-11D3-BF4B-00C04F79EFBC}") = "ProductCatalogsM", "Source\Menus\ProductCatalogsM\ProductCatalogsM.csproj", "{12CDA170-2D99-4530-BBEA-C0F902FAC3CF}"
EndProject
Project("{FAE04EC0-301F-11D3-BF4B-00C04F79EFBC}") = "ProductCatalogR", "Source\BusinessRules\ProductCatalogR\ProductCatalogR.csproj", "{78308556-BD87-483C-A875-948BCF5C7CE5}"
EndProject
Project("{2150E333-8FDC-42A3-9474-1A3956D46DE8}") = "Validations", "Validations", "{B635CC9E-2446-433C-AEFF-86B907B76C74}"
EndProject
Project("{FAE04EC0-301F-11D3-BF4B-00C04F79EFBC}") = "ECValidations", "Source\Validations\ECValidations\ECValidations.csproj", "{315270B6-29E6-45F3-AE03-DFC90025749A}"
EndProject
Project("{FAE04EC0-301F-11D3-BF4B-00C04F79EFBC}") = "ProductCatalogIO", "Source\InputOutput\ProductCatalogIO\ProductCatalogIO.csproj", "{0D9884E6-3364-4E3B-8C9F-948ED3481BBA}"
EndProject
Project("{FAE04EC0-301F-11D3-BF4B-00C04F79EFBC}") = "ECMenus", "Source\Menus\ECMenus\ECMenus.csproj", "{DFAEF28E-2D1D-4DC9-9763-3204CACD9F16}"
EndProject
Project("{FAE04EC0-301F-11D3-BF4B-00C04F79EFBC}") = "StaffMenu", "Source\Menus\StaffMenu\StaffMenu.csproj", "{5612D9FF-6E2B-4648-B2B3-3C86B9C3A8BE}"
EndProject
Project("{FAE04EC0-301F-11D3-BF4B-00C04F79EFBC}") = "StaffClientSystemsE", "Source\Exceptions\StaffClientSystemsE\StaffClientSystemsE.csproj", "{F9A40AD9-199E-42DF-B375-2CA9B0C43BD0}"
EndProject
Project("{FAE04EC0-301F-11D3-BF4B-00C04F79EFBC}") = "StaffClientSystemR", "Source\BusinessRules\StaffClientSystemR\StaffClientSystemR.csproj", "{88A4D659-EA34-4CF1-B926-0D5E79CE247A}"
EndProject
Project("{FAE04EC0-301F-11D3-BF4B-00C04F79EFBC}") = "StaffClientSystemIO", "Source\InputOutput\StaffClientSystemIO\StaffClientSystemIO.csproj", "{F2FEA23C-2533-4A6C-B3AA-588FEAD4E16B}"
EndProject
Project("{FAE04EC0-301F-11D3-BF4B-00C04F79EFBC}") = "StaffClientSystemsM", "Source\Menus\StaffClientSystemsM\StaffClientSystemsM.csproj", "{ED2F34EF-6DC1-4C7B-B961-F8900F2007C7}"
EndProject
Project("{FAE04EC0-301F-11D3-BF4B-00C04F79EFBC}") = "RevenueEngineE", "Source\Exceptions\RevenueEngineE\RevenueEngineE.csproj", "{76423119-F1B6-4804-96BA-5F37E891B620}"
EndProject
Project("{FAE04EC0-301F-11D3-BF4B-00C04F79EFBC}") = "RevenueEnginesM", "Source\Menus\RevenueEnginesM\RevenueEnginesM.csproj", "{EE3E3DAD-817D-4E33-BBE8-92F592B84DFA}"
EndProject
Project("{FAE04EC0-301F-11D3-BF4B-00C04F79EFBC}") = "RevenueEngineR", "Source\BusinessRules\RevenueEngineR\RevenueEngineR.csproj", "{2305F9BD-2E13-4EA8-AA2E-6B3D58ABE565}"
EndProject
Project("{FAE04EC0-301F-11D3-BF4B-00C04F79EFBC}") = "RevenueEngineIO", "Source\InputOutput\RevenueEngineIO\RevenueEngineIO.csproj", "{66E62179-D450-4833-866E-43914573B781}"
EndProject
Project("{FAE04EC0-301F-11D3-BF4B-00C04F79EFBC}") = "UnitaryTests", "Source\UnitaryTests\UnitaryTests.csproj", "{B06EDF20-4100-466F-9E57-845C1269F1E4}"
EndProject
Global
	GlobalSection(SolutionConfigurationPlatforms) = preSolution
		Debug|Any CPU = Debug|Any CPU
		Release|Any CPU = Release|Any CPU
	EndGlobalSection
	GlobalSection(ProjectConfigurationPlatforms) = postSolution
		{6E801DCB-55DF-4E96-89AF-DB4A9B8FF2C0}.Debug|Any CPU.ActiveCfg = Debug|Any CPU
		{6E801DCB-55DF-4E96-89AF-DB4A9B8FF2C0}.Debug|Any CPU.Build.0 = Debug|Any CPU
		{6E801DCB-55DF-4E96-89AF-DB4A9B8FF2C0}.Release|Any CPU.ActiveCfg = Release|Any CPU
		{6E801DCB-55DF-4E96-89AF-DB4A9B8FF2C0}.Release|Any CPU.Build.0 = Release|Any CPU
		{65889645-23A5-49A3-800A-6A1228C6ADA6}.Debug|Any CPU.ActiveCfg = Debug|Any CPU
		{65889645-23A5-49A3-800A-6A1228C6ADA6}.Debug|Any CPU.Build.0 = Debug|Any CPU
		{65889645-23A5-49A3-800A-6A1228C6ADA6}.Release|Any CPU.ActiveCfg = Release|Any CPU
		{65889645-23A5-49A3-800A-6A1228C6ADA6}.Release|Any CPU.Build.0 = Release|Any CPU
		{54CAB709-0BE6-4B36-A1A7-497497FFCB8B}.Debug|Any CPU.ActiveCfg = Debug|Any CPU
		{54CAB709-0BE6-4B36-A1A7-497497FFCB8B}.Debug|Any CPU.Build.0 = Debug|Any CPU
		{54CAB709-0BE6-4B36-A1A7-497497FFCB8B}.Release|Any CPU.ActiveCfg = Release|Any CPU
		{54CAB709-0BE6-4B36-A1A7-497497FFCB8B}.Release|Any CPU.Build.0 = Release|Any CPU
		{0FA2D599-537D-4FAE-9D85-485FAB8D1184}.Debug|Any CPU.ActiveCfg = Debug|Any CPU
		{0FA2D599-537D-4FAE-9D85-485FAB8D1184}.Debug|Any CPU.Build.0 = Debug|Any CPU
		{0FA2D599-537D-4FAE-9D85-485FAB8D1184}.Release|Any CPU.ActiveCfg = Release|Any CPU
		{0FA2D599-537D-4FAE-9D85-485FAB8D1184}.Release|Any CPU.Build.0 = Release|Any CPU
		{973F5B37-D52D-4EC3-9865-1477ACD0BE68}.Debug|Any CPU.ActiveCfg = Debug|Any CPU
		{973F5B37-D52D-4EC3-9865-1477ACD0BE68}.Debug|Any CPU.Build.0 = Debug|Any CPU
		{973F5B37-D52D-4EC3-9865-1477ACD0BE68}.Release|Any CPU.ActiveCfg = Release|Any CPU
		{973F5B37-D52D-4EC3-9865-1477ACD0BE68}.Release|Any CPU.Build.0 = Release|Any CPU
		{D5BAE037-F6EF-494A-BF23-A8D0EC5FCC2F}.Debug|Any CPU.ActiveCfg = Debug|Any CPU
		{D5BAE037-F6EF-494A-BF23-A8D0EC5FCC2F}.Debug|Any CPU.Build.0 = Debug|Any CPU
		{D5BAE037-F6EF-494A-BF23-A8D0EC5FCC2F}.Release|Any CPU.ActiveCfg = Release|Any CPU
		{D5BAE037-F6EF-494A-BF23-A8D0EC5FCC2F}.Release|Any CPU.Build.0 = Release|Any CPU
		{CD3EDB87-EDA0-409B-AAAD-E4247B1C3E19}.Debug|Any CPU.ActiveCfg = Debug|Any CPU
		{CD3EDB87-EDA0-409B-AAAD-E4247B1C3E19}.Debug|Any CPU.Build.0 = Debug|Any CPU
		{CD3EDB87-EDA0-409B-AAAD-E4247B1C3E19}.Release|Any CPU.ActiveCfg = Release|Any CPU
		{CD3EDB87-EDA0-409B-AAAD-E4247B1C3E19}.Release|Any CPU.Build.0 = Release|Any CPU
		{C507CC10-D8BE-4ABF-A55E-7ACC571A21F8}.Debug|Any CPU.ActiveCfg = Debug|Any CPU
		{C507CC10-D8BE-4ABF-A55E-7ACC571A21F8}.Debug|Any CPU.Build.0 = Debug|Any CPU
		{C507CC10-D8BE-4ABF-A55E-7ACC571A21F8}.Release|Any CPU.ActiveCfg = Release|Any CPU
		{C507CC10-D8BE-4ABF-A55E-7ACC571A21F8}.Release|Any CPU.Build.0 = Release|Any CPU
		{12CDA170-2D99-4530-BBEA-C0F902FAC3CF}.Debug|Any CPU.ActiveCfg = Debug|Any CPU
		{12CDA170-2D99-4530-BBEA-C0F902FAC3CF}.Debug|Any CPU.Build.0 = Debug|Any CPU
		{12CDA170-2D99-4530-BBEA-C0F902FAC3CF}.Release|Any CPU.ActiveCfg = Release|Any CPU
		{12CDA170-2D99-4530-BBEA-C0F902FAC3CF}.Release|Any CPU.Build.0 = Release|Any CPU
		{78308556-BD87-483C-A875-948BCF5C7CE5}.Debug|Any CPU.ActiveCfg = Debug|Any CPU
		{78308556-BD87-483C-A875-948BCF5C7CE5}.Debug|Any CPU.Build.0 = Debug|Any CPU
		{78308556-BD87-483C-A875-948BCF5C7CE5}.Release|Any CPU.ActiveCfg = Release|Any CPU
		{78308556-BD87-483C-A875-948BCF5C7CE5}.Release|Any CPU.Build.0 = Release|Any CPU
		{315270B6-29E6-45F3-AE03-DFC90025749A}.Debug|Any CPU.ActiveCfg = Debug|Any CPU
		{315270B6-29E6-45F3-AE03-DFC90025749A}.Debug|Any CPU.Build.0 = Debug|Any CPU
		{315270B6-29E6-45F3-AE03-DFC90025749A}.Release|Any CPU.ActiveCfg = Release|Any CPU
		{315270B6-29E6-45F3-AE03-DFC90025749A}.Release|Any CPU.Build.0 = Release|Any CPU
		{0D9884E6-3364-4E3B-8C9F-948ED3481BBA}.Debug|Any CPU.ActiveCfg = Debug|Any CPU
		{0D9884E6-3364-4E3B-8C9F-948ED3481BBA}.Debug|Any CPU.Build.0 = Debug|Any CPU
		{0D9884E6-3364-4E3B-8C9F-948ED3481BBA}.Release|Any CPU.ActiveCfg = Release|Any CPU
		{0D9884E6-3364-4E3B-8C9F-948ED3481BBA}.Release|Any CPU.Build.0 = Release|Any CPU
		{DFAEF28E-2D1D-4DC9-9763-3204CACD9F16}.Debug|Any CPU.ActiveCfg = Debug|Any CPU
		{DFAEF28E-2D1D-4DC9-9763-3204CACD9F16}.Debug|Any CPU.Build.0 = Debug|Any CPU
		{DFAEF28E-2D1D-4DC9-9763-3204CACD9F16}.Release|Any CPU.ActiveCfg = Release|Any CPU
		{DFAEF28E-2D1D-4DC9-9763-3204CACD9F16}.Release|Any CPU.Build.0 = Release|Any CPU
		{5612D9FF-6E2B-4648-B2B3-3C86B9C3A8BE}.Debug|Any CPU.ActiveCfg = Debug|Any CPU
		{5612D9FF-6E2B-4648-B2B3-3C86B9C3A8BE}.Debug|Any CPU.Build.0 = Debug|Any CPU
		{5612D9FF-6E2B-4648-B2B3-3C86B9C3A8BE}.Release|Any CPU.ActiveCfg = Release|Any CPU
		{5612D9FF-6E2B-4648-B2B3-3C86B9C3A8BE}.Release|Any CPU.Build.0 = Release|Any CPU
		{F9A40AD9-199E-42DF-B375-2CA9B0C43BD0}.Debug|Any CPU.ActiveCfg = Debug|Any CPU
		{F9A40AD9-199E-42DF-B375-2CA9B0C43BD0}.Debug|Any CPU.Build.0 = Debug|Any CPU
		{F9A40AD9-199E-42DF-B375-2CA9B0C43BD0}.Release|Any CPU.ActiveCfg = Release|Any CPU
		{F9A40AD9-199E-42DF-B375-2CA9B0C43BD0}.Release|Any CPU.Build.0 = Release|Any CPU
		{88A4D659-EA34-4CF1-B926-0D5E79CE247A}.Debug|Any CPU.ActiveCfg = Debug|Any CPU
		{88A4D659-EA34-4CF1-B926-0D5E79CE247A}.Debug|Any CPU.Build.0 = Debug|Any CPU
		{88A4D659-EA34-4CF1-B926-0D5E79CE247A}.Release|Any CPU.ActiveCfg = Release|Any CPU
		{88A4D659-EA34-4CF1-B926-0D5E79CE247A}.Release|Any CPU.Build.0 = Release|Any CPU
		{F2FEA23C-2533-4A6C-B3AA-588FEAD4E16B}.Debug|Any CPU.ActiveCfg = Debug|Any CPU
		{F2FEA23C-2533-4A6C-B3AA-588FEAD4E16B}.Debug|Any CPU.Build.0 = Debug|Any CPU
		{F2FEA23C-2533-4A6C-B3AA-588FEAD4E16B}.Release|Any CPU.ActiveCfg = Release|Any CPU
		{F2FEA23C-2533-4A6C-B3AA-588FEAD4E16B}.Release|Any CPU.Build.0 = Release|Any CPU
		{ED2F34EF-6DC1-4C7B-B961-F8900F2007C7}.Debug|Any CPU.ActiveCfg = Debug|Any CPU
		{ED2F34EF-6DC1-4C7B-B961-F8900F2007C7}.Debug|Any CPU.Build.0 = Debug|Any CPU
		{ED2F34EF-6DC1-4C7B-B961-F8900F2007C7}.Release|Any CPU.ActiveCfg = Release|Any CPU
		{ED2F34EF-6DC1-4C7B-B961-F8900F2007C7}.Release|Any CPU.Build.0 = Release|Any CPU
		{76423119-F1B6-4804-96BA-5F37E891B620}.Debug|Any CPU.ActiveCfg = Debug|Any CPU
		{76423119-F1B6-4804-96BA-5F37E891B620}.Debug|Any CPU.Build.0 = Debug|Any CPU
		{76423119-F1B6-4804-96BA-5F37E891B620}.Release|Any CPU.ActiveCfg = Release|Any CPU
		{76423119-F1B6-4804-96BA-5F37E891B620}.Release|Any CPU.Build.0 = Release|Any CPU
		{EE3E3DAD-817D-4E33-BBE8-92F592B84DFA}.Debug|Any CPU.ActiveCfg = Debug|Any CPU
		{EE3E3DAD-817D-4E33-BBE8-92F592B84DFA}.Debug|Any CPU.Build.0 = Debug|Any CPU
		{EE3E3DAD-817D-4E33-BBE8-92F592B84DFA}.Release|Any CPU.ActiveCfg = Release|Any CPU
		{EE3E3DAD-817D-4E33-BBE8-92F592B84DFA}.Release|Any CPU.Build.0 = Release|Any CPU
		{2305F9BD-2E13-4EA8-AA2E-6B3D58ABE565}.Debug|Any CPU.ActiveCfg = Debug|Any CPU
		{2305F9BD-2E13-4EA8-AA2E-6B3D58ABE565}.Debug|Any CPU.Build.0 = Debug|Any CPU
		{2305F9BD-2E13-4EA8-AA2E-6B3D58ABE565}.Release|Any CPU.ActiveCfg = Release|Any CPU
		{2305F9BD-2E13-4EA8-AA2E-6B3D58ABE565}.Release|Any CPU.Build.0 = Release|Any CPU
		{66E62179-D450-4833-866E-43914573B781}.Debug|Any CPU.ActiveCfg = Debug|Any CPU
		{66E62179-D450-4833-866E-43914573B781}.Debug|Any CPU.Build.0 = Debug|Any CPU
		{66E62179-D450-4833-866E-43914573B781}.Release|Any CPU.ActiveCfg = Release|Any CPU
		{66E62179-D450-4833-866E-43914573B781}.Release|Any CPU.Build.0 = Release|Any CPU
		{B06EDF20-4100-466F-9E57-845C1269F1E4}.Debug|Any CPU.ActiveCfg = Debug|Any CPU
		{B06EDF20-4100-466F-9E57-845C1269F1E4}.Debug|Any CPU.Build.0 = Debug|Any CPU
		{B06EDF20-4100-466F-9E57-845C1269F1E4}.Release|Any CPU.ActiveCfg = Release|Any CPU
		{B06EDF20-4100-466F-9E57-845C1269F1E4}.Release|Any CPU.Build.0 = Release|Any CPU
	EndGlobalSection
	GlobalSection(SolutionProperties) = preSolution
		HideSolutionNode = FALSE
	EndGlobalSection
	GlobalSection(NestedProjects) = preSolution
		{B52E43D3-A3E8-497E-BFE3-0601989DCC3C} = {4DCEC28B-85ED-4E1B-ACC2-2A875D6ADB46}
		{6E801DCB-55DF-4E96-89AF-DB4A9B8FF2C0} = {4DCEC28B-85ED-4E1B-ACC2-2A875D6ADB46}
		{C18105C9-DD42-4975-A5E6-348E60BD09CB} = {4DCEC28B-85ED-4E1B-ACC2-2A875D6ADB46}
		{BEBFA013-52B9-447D-A55D-BC49AD105817} = {4DCEC28B-85ED-4E1B-ACC2-2A875D6ADB46}
		{5F7A3C66-DC5A-4F64-8FA3-9A4D2C19D791} = {4DCEC28B-85ED-4E1B-ACC2-2A875D6ADB46}
		{D44954D1-90B2-45AB-B552-A0E8B8C74C9D} = {4DCEC28B-85ED-4E1B-ACC2-2A875D6ADB46}
		{65889645-23A5-49A3-800A-6A1228C6ADA6} = {B52E43D3-A3E8-497E-BFE3-0601989DCC3C}
		{54CAB709-0BE6-4B36-A1A7-497497FFCB8B} = {B52E43D3-A3E8-497E-BFE3-0601989DCC3C}
		{0FA2D599-537D-4FAE-9D85-485FAB8D1184} = {B52E43D3-A3E8-497E-BFE3-0601989DCC3C}
		{973F5B37-D52D-4EC3-9865-1477ACD0BE68} = {BEBFA013-52B9-447D-A55D-BC49AD105817}
		{D5BAE037-F6EF-494A-BF23-A8D0EC5FCC2F} = {BEBFA013-52B9-447D-A55D-BC49AD105817}
		{CD3EDB87-EDA0-409B-AAAD-E4247B1C3E19} = {BEBFA013-52B9-447D-A55D-BC49AD105817}
		{C507CC10-D8BE-4ABF-A55E-7ACC571A21F8} = {D44954D1-90B2-45AB-B552-A0E8B8C74C9D}
		{BE8114DB-73E7-4851-8B61-299CDEA66F07} = {4DCEC28B-85ED-4E1B-ACC2-2A875D6ADB46}
		{12CDA170-2D99-4530-BBEA-C0F902FAC3CF} = {BE8114DB-73E7-4851-8B61-299CDEA66F07}
		{78308556-BD87-483C-A875-948BCF5C7CE5} = {5F7A3C66-DC5A-4F64-8FA3-9A4D2C19D791}
		{B635CC9E-2446-433C-AEFF-86B907B76C74} = {4DCEC28B-85ED-4E1B-ACC2-2A875D6ADB46}
		{315270B6-29E6-45F3-AE03-DFC90025749A} = {B635CC9E-2446-433C-AEFF-86B907B76C74}
		{0D9884E6-3364-4E3B-8C9F-948ED3481BBA} = {C18105C9-DD42-4975-A5E6-348E60BD09CB}
		{DFAEF28E-2D1D-4DC9-9763-3204CACD9F16} = {BE8114DB-73E7-4851-8B61-299CDEA66F07}
		{5612D9FF-6E2B-4648-B2B3-3C86B9C3A8BE} = {BE8114DB-73E7-4851-8B61-299CDEA66F07}
		{F9A40AD9-199E-42DF-B375-2CA9B0C43BD0} = {D44954D1-90B2-45AB-B552-A0E8B8C74C9D}
		{88A4D659-EA34-4CF1-B926-0D5E79CE247A} = {5F7A3C66-DC5A-4F64-8FA3-9A4D2C19D791}
		{F2FEA23C-2533-4A6C-B3AA-588FEAD4E16B} = {C18105C9-DD42-4975-A5E6-348E60BD09CB}
		{ED2F34EF-6DC1-4C7B-B961-F8900F2007C7} = {BE8114DB-73E7-4851-8B61-299CDEA66F07}
		{76423119-F1B6-4804-96BA-5F37E891B620} = {D44954D1-90B2-45AB-B552-A0E8B8C74C9D}
		{EE3E3DAD-817D-4E33-BBE8-92F592B84DFA} = {BE8114DB-73E7-4851-8B61-299CDEA66F07}
		{2305F9BD-2E13-4EA8-AA2E-6B3D58ABE565} = {5F7A3C66-DC5A-4F64-8FA3-9A4D2C19D791}
		{66E62179-D450-4833-866E-43914573B781} = {C18105C9-DD42-4975-A5E6-348E60BD09CB}
		{B06EDF20-4100-466F-9E57-845C1269F1E4} = {4DCEC28B-85ED-4E1B-ACC2-2A875D6ADB46}
	EndGlobalSection
	GlobalSection(ExtensibilityGlobals) = postSolution
		SolutionGuid = {D8E77007-63C3-4DCC-BC36-7642747AFB50}
	EndGlobalSection
EndGlobal
